
Microsoft Visual Studio Solution File, Format Version 12.00
# Visual Studio 2017
Project("{FAE04EC0-301F-11D3-BF4B-00C04F79EFBC}") = "Oneiro", "Oneiro.csproj", "{6284636F-B699-A121-5639-200A65FE33E5}"
EndProject
Project("{FAE04EC0-301F-11D3-BF4B-00C04F79EFBC}") = "Oneiro", "Oneiro.csproj", "{6284636F-B699-A121-5639-200A65FE33E5}"
EndProject
Project("{FAE04EC0-301F-11D3-BF4B-00C04F79EFBC}") = "Oneiro", "Oneiro.csproj", "{6284636F-B699-A121-5639-200A65FE33E5}"
EndProject
Project("{FAE04EC0-301F-11D3-BF4B-00C04F79EFBC}") = "Oneiro", "Oneiro.csproj", "{6284636F-B699-A121-5639-200A65FE33E5}"
EndProject
Project("{FAE04EC0-301F-11D3-BF4B-00C04F79EFBC}") = "Oneiro.Editor", "Oneiro.Editor.csproj", "{C405BBB7-BCBF-0ECD-FF5E-60E517868E2C}"
EndProject
Project("{FAE04EC0-301F-11D3-BF4B-00C04F79EFBC}") = "Oneiro.Editor", "Oneiro.Editor.csproj", "{C405BBB7-BCBF-0ECD-FF5E-60E517868E2C}"
EndProject
Project("{FAE04EC0-301F-11D3-BF4B-00C04F79EFBC}") = "Oneiro.Editor", "Oneiro.Editor.csproj", "{C405BBB7-BCBF-0ECD-FF5E-60E517868E2C}"
EndProject
Project("{FAE04EC0-301F-11D3-BF4B-00C04F79EFBC}") = "Oneiro.Editor", "Oneiro.Editor.csproj", "{C405BBB7-BCBF-0ECD-FF5E-60E517868E2C}"
EndProject
Project("{FAE04EC0-301F-11D3-BF4B-00C04F79EFBC}") = "Oneiro.Editor", "Oneiro.Editor.csproj", "{C405BBB7-BCBF-0ECD-FF5E-60E517868E2C}"
EndProject
Global
	GlobalSection(SolutionConfigurationPlatforms) = preSolution
		Debug|Any CPU = Debug|Any CPU
		Release|Any CPU = Release|Any CPU
	EndGlobalSection
	GlobalSection(ProjectConfigurationPlatforms) = postSolution
		{6284636F-B699-A121-5639-200A65FE33E5}.Debug|Any CPU.ActiveCfg = Debug|Any CPU
		{6284636F-B699-A121-5639-200A65FE33E5}.Debug|Any CPU.Build.0 = Debug|Any CPU
		{6284636F-B699-A121-5639-200A65FE33E5}.Release|Any CPU.ActiveCfg = Release|Any CPU
		{6284636F-B699-A121-5639-200A65FE33E5}.Release|Any CPU.Build.0 = Release|Any CPU
		{6284636F-B699-A121-5639-200A65FE33E5}.Debug|Any CPU.ActiveCfg = Debug|Any CPU
		{6284636F-B699-A121-5639-200A65FE33E5}.Debug|Any CPU.Build.0 = Debug|Any CPU
		{6284636F-B699-A121-5639-200A65FE33E5}.Release|Any CPU.ActiveCfg = Release|Any CPU
		{6284636F-B699-A121-5639-200A65FE33E5}.Release|Any CPU.Build.0 = Release|Any CPU
		{6284636F-B699-A121-5639-200A65FE33E5}.Debug|Any CPU.ActiveCfg = Debug|Any CPU
		{6284636F-B699-A121-5639-200A65FE33E5}.Debug|Any CPU.Build.0 = Debug|Any CPU
		{6284636F-B699-A121-5639-200A65FE33E5}.Release|Any CPU.ActiveCfg = Release|Any CPU
		{6284636F-B699-A121-5639-200A65FE33E5}.Release|Any CPU.Build.0 = Release|Any CPU
		{6284636F-B699-A121-5639-200A65FE33E5}.Debug|Any CPU.ActiveCfg = Debug|Any CPU
		{6284636F-B699-A121-5639-200A65FE33E5}.Debug|Any CPU.Build.0 = Debug|Any CPU
		{6284636F-B699-A121-5639-200A65FE33E5}.Release|Any CPU.ActiveCfg = Release|Any CPU
		{6284636F-B699-A121-5639-200A65FE33E5}.Release|Any CPU.Build.0 = Release|Any CPU
		{C405BBB7-BCBF-0ECD-FF5E-60E517868E2C}.Debug|Any CPU.ActiveCfg = Debug|Any CPU
		{C405BBB7-BCBF-0ECD-FF5E-60E517868E2C}.Debug|Any CPU.Build.0 = Debug|Any CPU
		{C405BBB7-BCBF-0ECD-FF5E-60E517868E2C}.Release|Any CPU.ActiveCfg = Release|Any CPU
		{C405BBB7-BCBF-0ECD-FF5E-60E517868E2C}.Release|Any CPU.Build.0 = Release|Any CPU
		{C405BBB7-BCBF-0ECD-FF5E-60E517868E2C}.Debug|Any CPU.ActiveCfg = Debug|Any CPU
		{C405BBB7-BCBF-0ECD-FF5E-60E517868E2C}.Debug|Any CPU.Build.0 = Debug|Any CPU
		{C405BBB7-BCBF-0ECD-FF5E-60E517868E2C}.Release|Any CPU.ActiveCfg = Release|Any CPU
		{C405BBB7-BCBF-0ECD-FF5E-60E517868E2C}.Release|Any CPU.Build.0 = Release|Any CPU
		{C405BBB7-BCBF-0ECD-FF5E-60E517868E2C}.Debug|Any CPU.ActiveCfg = Debug|Any CPU
		{C405BBB7-BCBF-0ECD-FF5E-60E517868E2C}.Debug|Any CPU.Build.0 = Debug|Any CPU
		{C405BBB7-BCBF-0ECD-FF5E-60E517868E2C}.Release|Any CPU.ActiveCfg = Release|Any CPU
		{C405BBB7-BCBF-0ECD-FF5E-60E517868E2C}.Release|Any CPU.Build.0 = Release|Any CPU
		{C405BBB7-BCBF-0ECD-FF5E-60E517868E2C}.Debug|Any CPU.ActiveCfg = Debug|Any CPU
		{C405BBB7-BCBF-0ECD-FF5E-60E517868E2C}.Debug|Any CPU.Build.0 = Debug|Any CPU
		{C405BBB7-BCBF-0ECD-FF5E-60E517868E2C}.Release|Any CPU.ActiveCfg = Release|Any CPU
		{C405BBB7-BCBF-0ECD-FF5E-60E517868E2C}.Release|Any CPU.Build.0 = Release|Any CPU
		{C405BBB7-BCBF-0ECD-FF5E-60E517868E2C}.Debug|Any CPU.ActiveCfg = Debug|Any CPU
		{C405BBB7-BCBF-0ECD-FF5E-60E517868E2C}.Debug|Any CPU.Build.0 = Debug|Any CPU
		{C405BBB7-BCBF-0ECD-FF5E-60E517868E2C}.Release|Any CPU.ActiveCfg = Release|Any CPU
		{C405BBB7-BCBF-0ECD-FF5E-60E517868E2C}.Release|Any CPU.Build.0 = Release|Any CPU
	EndGlobalSection
	GlobalSection(SolutionProperties) = preSolution
		HideSolutionNode = FALSE
	EndGlobalSection
EndGlobal
